
Microsoft Visual Studio Solution File, Format Version 12.00
# Visual Studio Version 17
VisualStudioVersion = 17.10.34928.147
MinimumVisualStudioVersion = 10.0.40219.1
Project("{2150E333-8FDC-42A3-9474-1A3956D46DE8}") = "Services", "Services", "{C4A580C5-20FF-4BC9-AFC2-CB5DD840C7E4}"
EndProject
Project("{2150E333-8FDC-42A3-9474-1A3956D46DE8}") = "Catalog", "Catalog", "{85607B2D-AD65-4114-954D-87FC1E205F0F}"
EndProject
Project("{9A19103F-16F7-4668-BE54-9A1E7A4F7556}") = "FreeCourse.Services.Catalog", "Services\Catalog\FreeCourse.Services.Catalog\FreeCourse.Services.Catalog.csproj", "{14FEA17D-89A8-4053-8A24-4A93CE2CD03D}"
EndProject
Project("{2150E333-8FDC-42A3-9474-1A3956D46DE8}") = "Solution Items", "Solution Items", "{BEF04ADC-6C80-446B-B97A-EFCC8E5BE113}"
	ProjectSection(SolutionItems) = preProject
		Ports.txt = Ports.txt
	EndProjectSection
EndProject
Project("{2150E333-8FDC-42A3-9474-1A3956D46DE8}") = "Shared", "Shared", "{E741D694-2785-4406-8155-63237DDD5B6E}"
EndProject
Project("{9A19103F-16F7-4668-BE54-9A1E7A4F7556}") = "FreeCourse.Shared", "Shared\FreeCourse.Shared\FreeCourse.Shared.csproj", "{155B953D-CF0B-4E32-8A25-F3BC6DB58AAF}"
EndProject
Project("{2150E333-8FDC-42A3-9474-1A3956D46DE8}") = "IdentityServer", "IdentityServer", "{F326C8B4-E028-4A55-9675-324B91CAF655}"
EndProject
Project("{9A19103F-16F7-4668-BE54-9A1E7A4F7556}") = "FreeCourse.IdentityServer", "IdentityServer\FreeCourse.IdentityServer\FreeCourse.IdentityServer.csproj", "{777A2458-CA70-4BC5-A5DB-E959CD682C25}"
EndProject
Project("{2150E333-8FDC-42A3-9474-1A3956D46DE8}") = "PhotoStock", "PhotoStock", "{4FE49EC7-E258-4112-9A5E-D6857A950ED4}"
EndProject
Project("{9A19103F-16F7-4668-BE54-9A1E7A4F7556}") = "FreeCourse.Services.PhotoStock", "Services\PhotoStock\FreeCourse.Services.PhotoStock\FreeCourse.Services.PhotoStock.csproj", "{16CF5DA3-FFB2-44B6-ABC0-6B97882021B7}"
EndProject
Project("{2150E333-8FDC-42A3-9474-1A3956D46DE8}") = "Basket", "Basket", "{A7F4B743-F7F8-4F02-923A-6915C5894A0F}"
EndProject
Project("{2150E333-8FDC-42A3-9474-1A3956D46DE8}") = "Discount", "Discount", "{926F1A13-FCFB-4441-B842-CA03FF328D81}"
EndProject
Project("{9A19103F-16F7-4668-BE54-9A1E7A4F7556}") = "FreeCourse.Services.Discount", "Services\Discount\FreeCourse.Services.Discount\FreeCourse.Services.Discount.csproj", "{D63FC0BF-E686-4F32-872D-B90E0A0E2A3A}"
EndProject
Project("{9A19103F-16F7-4668-BE54-9A1E7A4F7556}") = "FreeCourse.Services.Basket", "Services\Basket\FreeCourse.Services.Basket\FreeCourse.Services.Basket.csproj", "{0146F69F-DD68-40A5-B74D-3A1C992C472D}"
EndProject
Project("{2150E333-8FDC-42A3-9474-1A3956D46DE8}") = "Order", "Order", "{5C1DFB27-9CF8-406E-BC51-AE3EAE3A3818}"
EndProject
Project("{FAE04EC0-301F-11D3-BF4B-00C04F79EFBC}") = "FreeCourse.Services.Order.API", "Services\Order\FreeCourse.Services.Order.API\FreeCourse.Services.Order.API.csproj", "{5159AE93-5166-4BDD-9109-36261F757D02}"
EndProject
Project("{FAE04EC0-301F-11D3-BF4B-00C04F79EFBC}") = "FreeCourse.Services.Order.Application", "Services\Order\FreeCourse.Services.Order.Application\FreeCourse.Services.Order.Application.csproj", "{5EBB4DDF-ACC4-4717-A6C2-29283046009C}"
EndProject
Project("{FAE04EC0-301F-11D3-BF4B-00C04F79EFBC}") = "FreeCourse.Services.Order.Domain", "Services\Order\FreeCourse.Services.Order.Domain\FreeCourse.Services.Order.Domain.csproj", "{1E258073-9C30-46DE-B9CB-4C1A988E010D}"
EndProject
Project("{FAE04EC0-301F-11D3-BF4B-00C04F79EFBC}") = "FreeCourse.Services.Order.Infrastructure", "Services\Order\FreeCourse.Services.Order.Infrastructure\FreeCourse.Services.Order.Infrastructure.csproj", "{EFA57E13-CBFB-4BDE-959C-ED3412E1A44A}"
EndProject
Project("{FAE04EC0-301F-11D3-BF4B-00C04F79EFBC}") = "FreeCourse.Services.Order.Domain.Core", "Services\Order\FreeCourse.Services.Order.Domain.Core\FreeCourse.Services.Order.Domain.Core.csproj", "{B86D835F-7B2E-453B-88B2-F774A7CE941E}"
EndProject
Global
	GlobalSection(SolutionConfigurationPlatforms) = preSolution
		Debug|Any CPU = Debug|Any CPU
		Release|Any CPU = Release|Any CPU
	EndGlobalSection
	GlobalSection(ProjectConfigurationPlatforms) = postSolution
		{14FEA17D-89A8-4053-8A24-4A93CE2CD03D}.Debug|Any CPU.ActiveCfg = Debug|Any CPU
		{14FEA17D-89A8-4053-8A24-4A93CE2CD03D}.Debug|Any CPU.Build.0 = Debug|Any CPU
		{14FEA17D-89A8-4053-8A24-4A93CE2CD03D}.Release|Any CPU.ActiveCfg = Release|Any CPU
		{14FEA17D-89A8-4053-8A24-4A93CE2CD03D}.Release|Any CPU.Build.0 = Release|Any CPU
		{155B953D-CF0B-4E32-8A25-F3BC6DB58AAF}.Debug|Any CPU.ActiveCfg = Debug|Any CPU
		{155B953D-CF0B-4E32-8A25-F3BC6DB58AAF}.Debug|Any CPU.Build.0 = Debug|Any CPU
		{155B953D-CF0B-4E32-8A25-F3BC6DB58AAF}.Release|Any CPU.ActiveCfg = Release|Any CPU
		{155B953D-CF0B-4E32-8A25-F3BC6DB58AAF}.Release|Any CPU.Build.0 = Release|Any CPU
		{777A2458-CA70-4BC5-A5DB-E959CD682C25}.Debug|Any CPU.ActiveCfg = Debug|Any CPU
		{777A2458-CA70-4BC5-A5DB-E959CD682C25}.Debug|Any CPU.Build.0 = Debug|Any CPU
		{777A2458-CA70-4BC5-A5DB-E959CD682C25}.Release|Any CPU.ActiveCfg = Release|Any CPU
		{777A2458-CA70-4BC5-A5DB-E959CD682C25}.Release|Any CPU.Build.0 = Release|Any CPU
		{16CF5DA3-FFB2-44B6-ABC0-6B97882021B7}.Debug|Any CPU.ActiveCfg = Debug|Any CPU
		{16CF5DA3-FFB2-44B6-ABC0-6B97882021B7}.Debug|Any CPU.Build.0 = Debug|Any CPU
		{16CF5DA3-FFB2-44B6-ABC0-6B97882021B7}.Release|Any CPU.ActiveCfg = Release|Any CPU
		{16CF5DA3-FFB2-44B6-ABC0-6B97882021B7}.Release|Any CPU.Build.0 = Release|Any CPU
		{D63FC0BF-E686-4F32-872D-B90E0A0E2A3A}.Debug|Any CPU.ActiveCfg = Debug|Any CPU
		{D63FC0BF-E686-4F32-872D-B90E0A0E2A3A}.Debug|Any CPU.Build.0 = Debug|Any CPU
		{D63FC0BF-E686-4F32-872D-B90E0A0E2A3A}.Release|Any CPU.ActiveCfg = Release|Any CPU
		{D63FC0BF-E686-4F32-872D-B90E0A0E2A3A}.Release|Any CPU.Build.0 = Release|Any CPU
		{0146F69F-DD68-40A5-B74D-3A1C992C472D}.Debug|Any CPU.ActiveCfg = Debug|Any CPU
		{0146F69F-DD68-40A5-B74D-3A1C992C472D}.Debug|Any CPU.Build.0 = Debug|Any CPU
		{0146F69F-DD68-40A5-B74D-3A1C992C472D}.Release|Any CPU.ActiveCfg = Release|Any CPU
		{0146F69F-DD68-40A5-B74D-3A1C992C472D}.Release|Any CPU.Build.0 = Release|Any CPU
		{5159AE93-5166-4BDD-9109-36261F757D02}.Debug|Any CPU.ActiveCfg = Debug|Any CPU
		{5159AE93-5166-4BDD-9109-36261F757D02}.Debug|Any CPU.Build.0 = Debug|Any CPU
		{5159AE93-5166-4BDD-9109-36261F757D02}.Release|Any CPU.ActiveCfg = Release|Any CPU
		{5159AE93-5166-4BDD-9109-36261F757D02}.Release|Any CPU.Build.0 = Release|Any CPU
		{5EBB4DDF-ACC4-4717-A6C2-29283046009C}.Debug|Any CPU.ActiveCfg = Debug|Any CPU
		{5EBB4DDF-ACC4-4717-A6C2-29283046009C}.Debug|Any CPU.Build.0 = Debug|Any CPU
		{5EBB4DDF-ACC4-4717-A6C2-29283046009C}.Release|Any CPU.ActiveCfg = Release|Any CPU
		{5EBB4DDF-ACC4-4717-A6C2-29283046009C}.Release|Any CPU.Build.0 = Release|Any CPU
		{1E258073-9C30-46DE-B9CB-4C1A988E010D}.Debug|Any CPU.ActiveCfg = Debug|Any CPU
		{1E258073-9C30-46DE-B9CB-4C1A988E010D}.Debug|Any CPU.Build.0 = Debug|Any CPU
		{1E258073-9C30-46DE-B9CB-4C1A988E010D}.Release|Any CPU.ActiveCfg = Release|Any CPU
		{1E258073-9C30-46DE-B9CB-4C1A988E010D}.Release|Any CPU.Build.0 = Release|Any CPU
		{EFA57E13-CBFB-4BDE-959C-ED3412E1A44A}.Debug|Any CPU.ActiveCfg = Debug|Any CPU
		{EFA57E13-CBFB-4BDE-959C-ED3412E1A44A}.Debug|Any CPU.Build.0 = Debug|Any CPU
		{EFA57E13-CBFB-4BDE-959C-ED3412E1A44A}.Release|Any CPU.ActiveCfg = Release|Any CPU
		{EFA57E13-CBFB-4BDE-959C-ED3412E1A44A}.Release|Any CPU.Build.0 = Release|Any CPU
		{B86D835F-7B2E-453B-88B2-F774A7CE941E}.Debug|Any CPU.ActiveCfg = Debug|Any CPU
		{B86D835F-7B2E-453B-88B2-F774A7CE941E}.Debug|Any CPU.Build.0 = Debug|Any CPU
		{B86D835F-7B2E-453B-88B2-F774A7CE941E}.Release|Any CPU.ActiveCfg = Release|Any CPU
		{B86D835F-7B2E-453B-88B2-F774A7CE941E}.Release|Any CPU.Build.0 = Release|Any CPU
	EndGlobalSection
	GlobalSection(SolutionProperties) = preSolution
		HideSolutionNode = FALSE
	EndGlobalSection
	GlobalSection(NestedProjects) = preSolution
		{85607B2D-AD65-4114-954D-87FC1E205F0F} = {C4A580C5-20FF-4BC9-AFC2-CB5DD840C7E4}
		{14FEA17D-89A8-4053-8A24-4A93CE2CD03D} = {85607B2D-AD65-4114-954D-87FC1E205F0F}
		{155B953D-CF0B-4E32-8A25-F3BC6DB58AAF} = {E741D694-2785-4406-8155-63237DDD5B6E}
		{777A2458-CA70-4BC5-A5DB-E959CD682C25} = {F326C8B4-E028-4A55-9675-324B91CAF655}
		{4FE49EC7-E258-4112-9A5E-D6857A950ED4} = {C4A580C5-20FF-4BC9-AFC2-CB5DD840C7E4}
		{16CF5DA3-FFB2-44B6-ABC0-6B97882021B7} = {4FE49EC7-E258-4112-9A5E-D6857A950ED4}
		{A7F4B743-F7F8-4F02-923A-6915C5894A0F} = {C4A580C5-20FF-4BC9-AFC2-CB5DD840C7E4}
		{926F1A13-FCFB-4441-B842-CA03FF328D81} = {C4A580C5-20FF-4BC9-AFC2-CB5DD840C7E4}
		{D63FC0BF-E686-4F32-872D-B90E0A0E2A3A} = {926F1A13-FCFB-4441-B842-CA03FF328D81}
		{0146F69F-DD68-40A5-B74D-3A1C992C472D} = {A7F4B743-F7F8-4F02-923A-6915C5894A0F}
		{5C1DFB27-9CF8-406E-BC51-AE3EAE3A3818} = {C4A580C5-20FF-4BC9-AFC2-CB5DD840C7E4}
		{5159AE93-5166-4BDD-9109-36261F757D02} = {5C1DFB27-9CF8-406E-BC51-AE3EAE3A3818}
		{5EBB4DDF-ACC4-4717-A6C2-29283046009C} = {5C1DFB27-9CF8-406E-BC51-AE3EAE3A3818}
		{1E258073-9C30-46DE-B9CB-4C1A988E010D} = {5C1DFB27-9CF8-406E-BC51-AE3EAE3A3818}
		{EFA57E13-CBFB-4BDE-959C-ED3412E1A44A} = {5C1DFB27-9CF8-406E-BC51-AE3EAE3A3818}
		{B86D835F-7B2E-453B-88B2-F774A7CE941E} = {5C1DFB27-9CF8-406E-BC51-AE3EAE3A3818}
	EndGlobalSection
	GlobalSection(ExtensibilityGlobals) = postSolution
		SolutionGuid = {86511AF5-9200-4FD3-8539-E89F2FABF1C5}
	EndGlobalSection
EndGlobal
