
Microsoft Visual Studio Solution File, Format Version 12.00
# Visual Studio Version 17
VisualStudioVersion = 17.10.34928.147
MinimumVisualStudioVersion = 10.0.40219.1
Project("{2150E333-8FDC-42A3-9474-1A3956D46DE8}") = "Services", "Services", "{C4A580C5-20FF-4BC9-AFC2-CB5DD840C7E4}"
EndProject
Project("{2150E333-8FDC-42A3-9474-1A3956D46DE8}") = "Catalog", "Catalog", "{85607B2D-AD65-4114-954D-87FC1E205F0F}"
EndProject
Project("{9A19103F-16F7-4668-BE54-9A1E7A4F7556}") = "FreeCourse.Services.Catalog", "Services\Catalog\FreeCourse.Services.Catalog\FreeCourse.Services.Catalog.csproj", "{14FEA17D-89A8-4053-8A24-4A93CE2CD03D}"
EndProject
Project("{2150E333-8FDC-42A3-9474-1A3956D46DE8}") = "Solution Items", "Solution Items", "{BEF04ADC-6C80-446B-B97A-EFCC8E5BE113}"
	ProjectSection(SolutionItems) = preProject
		Ports.txt = Ports.txt
	EndProjectSection
EndProject
Project("{2150E333-8FDC-42A3-9474-1A3956D46DE8}") = "Shared", "Shared", "{E741D694-2785-4406-8155-63237DDD5B6E}"
EndProject
Project("{9A19103F-16F7-4668-BE54-9A1E7A4F7556}") = "FreeCourse.Shared", "Shared\FreeCourse.Shared\FreeCourse.Shared.csproj", "{155B953D-CF0B-4E32-8A25-F3BC6DB58AAF}"
EndProject
Project("{2150E333-8FDC-42A3-9474-1A3956D46DE8}") = "IdentityServer", "IdentityServer", "{F326C8B4-E028-4A55-9675-324B91CAF655}"
EndProject
Project("{9A19103F-16F7-4668-BE54-9A1E7A4F7556}") = "FreeCourse.IdentityServer", "IdentityServer\FreeCourse.IdentityServer\FreeCourse.IdentityServer.csproj", "{777A2458-CA70-4BC5-A5DB-E959CD682C25}"
EndProject
Global
	GlobalSection(SolutionConfigurationPlatforms) = preSolution
		Debug|Any CPU = Debug|Any CPU
		Release|Any CPU = Release|Any CPU
	EndGlobalSection
	GlobalSection(ProjectConfigurationPlatforms) = postSolution
		{14FEA17D-89A8-4053-8A24-4A93CE2CD03D}.Debug|Any CPU.ActiveCfg = Debug|Any CPU
		{14FEA17D-89A8-4053-8A24-4A93CE2CD03D}.Debug|Any CPU.Build.0 = Debug|Any CPU
		{14FEA17D-89A8-4053-8A24-4A93CE2CD03D}.Release|Any CPU.ActiveCfg = Release|Any CPU
		{14FEA17D-89A8-4053-8A24-4A93CE2CD03D}.Release|Any CPU.Build.0 = Release|Any CPU
		{155B953D-CF0B-4E32-8A25-F3BC6DB58AAF}.Debug|Any CPU.ActiveCfg = Debug|Any CPU
		{155B953D-CF0B-4E32-8A25-F3BC6DB58AAF}.Debug|Any CPU.Build.0 = Debug|Any CPU
		{155B953D-CF0B-4E32-8A25-F3BC6DB58AAF}.Release|Any CPU.ActiveCfg = Release|Any CPU
		{155B953D-CF0B-4E32-8A25-F3BC6DB58AAF}.Release|Any CPU.Build.0 = Release|Any CPU
		{777A2458-CA70-4BC5-A5DB-E959CD682C25}.Debug|Any CPU.ActiveCfg = Debug|Any CPU
		{777A2458-CA70-4BC5-A5DB-E959CD682C25}.Debug|Any CPU.Build.0 = Debug|Any CPU
		{777A2458-CA70-4BC5-A5DB-E959CD682C25}.Release|Any CPU.ActiveCfg = Release|Any CPU
		{777A2458-CA70-4BC5-A5DB-E959CD682C25}.Release|Any CPU.Build.0 = Release|Any CPU
	EndGlobalSection
	GlobalSection(SolutionProperties) = preSolution
		HideSolutionNode = FALSE
	EndGlobalSection
	GlobalSection(NestedProjects) = preSolution
		{85607B2D-AD65-4114-954D-87FC1E205F0F} = {C4A580C5-20FF-4BC9-AFC2-CB5DD840C7E4}
		{14FEA17D-89A8-4053-8A24-4A93CE2CD03D} = {85607B2D-AD65-4114-954D-87FC1E205F0F}
		{155B953D-CF0B-4E32-8A25-F3BC6DB58AAF} = {E741D694-2785-4406-8155-63237DDD5B6E}
		{777A2458-CA70-4BC5-A5DB-E959CD682C25} = {F326C8B4-E028-4A55-9675-324B91CAF655}
	EndGlobalSection
	GlobalSection(ExtensibilityGlobals) = postSolution
		SolutionGuid = {86511AF5-9200-4FD3-8539-E89F2FABF1C5}
	EndGlobalSection
EndGlobal
